
Microsoft Visual Studio Solution File, Format Version 12.00
# Visual Studio Version 17
VisualStudioVersion = 17.9.34701.34
MinimumVisualStudioVersion = 10.0.40219.1
Project("{FAE04EC0-301F-11D3-BF4B-00C04F79EFBC}") = "TestDIContainer", "TestDIContainer\TestDIContainer.csproj", "{2484DB10-33F5-46F1-9985-C54501C05A3A}"
EndProject
Global
	GlobalSection(SolutionConfigurationPlatforms) = preSolution
		Debug|Any CPU = Debug|Any CPU
		Release|Any CPU = Release|Any CPU
	EndGlobalSection
	GlobalSection(ProjectConfigurationPlatforms) = postSolution
		{2484DB10-33F5-46F1-9985-C54501C05A3A}.Debug|Any CPU.ActiveCfg = Debug|Any CPU
		{2484DB10-33F5-46F1-9985-C54501C05A3A}.Debug|Any CPU.Build.0 = Debug|Any CPU
		{2484DB10-33F5-46F1-9985-C54501C05A3A}.Release|Any CPU.ActiveCfg = Release|Any CPU
		{2484DB10-33F5-46F1-9985-C54501C05A3A}.Release|Any CPU.Build.0 = Release|Any CPU
	EndGlobalSection
	GlobalSection(SolutionProperties) = preSolution
		HideSolutionNode = FALSE
	EndGlobalSection
	GlobalSection(ExtensibilityGlobals) = postSolution
		SolutionGuid = {E85B60B5-1050-4FE6-91CD-67BB54ECD1CD}
	EndGlobalSection
EndGlobal
